
Microsoft Visual Studio Solution File, Format Version 12.00
# Visual Studio 15
VisualStudioVersion = 15.0.28307.1000
MinimumVisualStudioVersion = 10.0.40219.1
Project("{8BC9CEB8-8B4A-11D0-8D11-00A0C91BC942}") = "0_VulkanTest", "0_VulkanTest\VulkanTest.vcxproj", "{BE4F0563-995C-4FB3-83E6-31888280DA33}"
EndProject
Project("{8BC9CEB8-8B4A-11D0-8D11-00A0C91BC942}") = "2_Instance", "2_Instance\2_Instance.vcxproj", "{0D24052F-3352-44FA-8660-A7FD1FC4EC29}"
EndProject
Project("{8BC9CEB8-8B4A-11D0-8D11-00A0C91BC942}") = "1_BaseCode", "1_BaseCode\1_BaseCode.vcxproj", "{C82D33B7-C6FB-4237-B1F5-192F3F55AB24}"
EndProject
Project("{8BC9CEB8-8B4A-11D0-8D11-00A0C91BC942}") = "3_triangle", "3_triangle\3_triangle.vcxproj", "{B6B6AA22-904D-4D22-98D2-274EA57DB660}"
EndProject
Project("{8BC9CEB8-8B4A-11D0-8D11-00A0C91BC942}") = "4_VertexBuffers", "4_VertexBuffers\4_VertexBuffers.vcxproj", "{185F4E1C-A84E-415B-AB72-0995DA146B42}"
EndProject
Project("{8BC9CEB8-8B4A-11D0-8D11-00A0C91BC942}") = "5_UniformBuffers", "5_UniformBuffers\5_UniformBuffers.vcxproj", "{D9F2BDF7-56F9-4B12-8646-36354B6796CD}"
EndProject
Global
	GlobalSection(SolutionConfigurationPlatforms) = preSolution
		Debug|x64 = Debug|x64
		Debug|x86 = Debug|x86
		Release|x64 = Release|x64
		Release|x86 = Release|x86
	EndGlobalSection
	GlobalSection(ProjectConfigurationPlatforms) = postSolution
		{BE4F0563-995C-4FB3-83E6-31888280DA33}.Debug|x64.ActiveCfg = Debug|x64
		{BE4F0563-995C-4FB3-83E6-31888280DA33}.Debug|x64.Build.0 = Debug|x64
		{BE4F0563-995C-4FB3-83E6-31888280DA33}.Debug|x86.ActiveCfg = Debug|Win32
		{BE4F0563-995C-4FB3-83E6-31888280DA33}.Debug|x86.Build.0 = Debug|Win32
		{BE4F0563-995C-4FB3-83E6-31888280DA33}.Release|x64.ActiveCfg = Release|x64
		{BE4F0563-995C-4FB3-83E6-31888280DA33}.Release|x64.Build.0 = Release|x64
		{BE4F0563-995C-4FB3-83E6-31888280DA33}.Release|x86.ActiveCfg = Release|Win32
		{BE4F0563-995C-4FB3-83E6-31888280DA33}.Release|x86.Build.0 = Release|Win32
		{0D24052F-3352-44FA-8660-A7FD1FC4EC29}.Debug|x64.ActiveCfg = Debug|x64
		{0D24052F-3352-44FA-8660-A7FD1FC4EC29}.Debug|x64.Build.0 = Debug|x64
		{0D24052F-3352-44FA-8660-A7FD1FC4EC29}.Debug|x86.ActiveCfg = Debug|Win32
		{0D24052F-3352-44FA-8660-A7FD1FC4EC29}.Debug|x86.Build.0 = Debug|Win32
		{0D24052F-3352-44FA-8660-A7FD1FC4EC29}.Release|x64.ActiveCfg = Release|x64
		{0D24052F-3352-44FA-8660-A7FD1FC4EC29}.Release|x64.Build.0 = Release|x64
		{0D24052F-3352-44FA-8660-A7FD1FC4EC29}.Release|x86.ActiveCfg = Release|Win32
		{0D24052F-3352-44FA-8660-A7FD1FC4EC29}.Release|x86.Build.0 = Release|Win32
		{C82D33B7-C6FB-4237-B1F5-192F3F55AB24}.Debug|x64.ActiveCfg = Debug|x64
		{C82D33B7-C6FB-4237-B1F5-192F3F55AB24}.Debug|x64.Build.0 = Debug|x64
		{C82D33B7-C6FB-4237-B1F5-192F3F55AB24}.Debug|x86.ActiveCfg = Debug|Win32
		{C82D33B7-C6FB-4237-B1F5-192F3F55AB24}.Debug|x86.Build.0 = Debug|Win32
		{C82D33B7-C6FB-4237-B1F5-192F3F55AB24}.Release|x64.ActiveCfg = Release|x64
		{C82D33B7-C6FB-4237-B1F5-192F3F55AB24}.Release|x64.Build.0 = Release|x64
		{C82D33B7-C6FB-4237-B1F5-192F3F55AB24}.Release|x86.ActiveCfg = Release|Win32
		{C82D33B7-C6FB-4237-B1F5-192F3F55AB24}.Release|x86.Build.0 = Release|Win32
		{B6B6AA22-904D-4D22-98D2-274EA57DB660}.Debug|x64.ActiveCfg = Debug|x64
		{B6B6AA22-904D-4D22-98D2-274EA57DB660}.Debug|x64.Build.0 = Debug|x64
		{B6B6AA22-904D-4D22-98D2-274EA57DB660}.Debug|x86.ActiveCfg = Debug|Win32
		{B6B6AA22-904D-4D22-98D2-274EA57DB660}.Debug|x86.Build.0 = Debug|Win32
		{B6B6AA22-904D-4D22-98D2-274EA57DB660}.Release|x64.ActiveCfg = Release|x64
		{B6B6AA22-904D-4D22-98D2-274EA57DB660}.Release|x64.Build.0 = Release|x64
		{B6B6AA22-904D-4D22-98D2-274EA57DB660}.Release|x86.ActiveCfg = Release|Win32
		{B6B6AA22-904D-4D22-98D2-274EA57DB660}.Release|x86.Build.0 = Release|Win32
		{185F4E1C-A84E-415B-AB72-0995DA146B42}.Debug|x64.ActiveCfg = Debug|x64
		{185F4E1C-A84E-415B-AB72-0995DA146B42}.Debug|x64.Build.0 = Debug|x64
		{185F4E1C-A84E-415B-AB72-0995DA146B42}.Debug|x86.ActiveCfg = Debug|Win32
		{185F4E1C-A84E-415B-AB72-0995DA146B42}.Debug|x86.Build.0 = Debug|Win32
		{185F4E1C-A84E-415B-AB72-0995DA146B42}.Release|x64.ActiveCfg = Release|x64
		{185F4E1C-A84E-415B-AB72-0995DA146B42}.Release|x64.Build.0 = Release|x64
		{185F4E1C-A84E-415B-AB72-0995DA146B42}.Release|x86.ActiveCfg = Release|Win32
		{185F4E1C-A84E-415B-AB72-0995DA146B42}.Release|x86.Build.0 = Release|Win32
		{D9F2BDF7-56F9-4B12-8646-36354B6796CD}.Debug|x64.ActiveCfg = Debug|x64
		{D9F2BDF7-56F9-4B12-8646-36354B6796CD}.Debug|x64.Build.0 = Debug|x64
		{D9F2BDF7-56F9-4B12-8646-36354B6796CD}.Debug|x86.ActiveCfg = Debug|Win32
		{D9F2BDF7-56F9-4B12-8646-36354B6796CD}.Debug|x86.Build.0 = Debug|Win32
		{D9F2BDF7-56F9-4B12-8646-36354B6796CD}.Release|x64.ActiveCfg = Release|x64
		{D9F2BDF7-56F9-4B12-8646-36354B6796CD}.Release|x64.Build.0 = Release|x64
		{D9F2BDF7-56F9-4B12-8646-36354B6796CD}.Release|x86.ActiveCfg = Release|Win32
		{D9F2BDF7-56F9-4B12-8646-36354B6796CD}.Release|x86.Build.0 = Release|Win32
	EndGlobalSection
	GlobalSection(SolutionProperties) = preSolution
		HideSolutionNode = FALSE
	EndGlobalSection
	GlobalSection(ExtensibilityGlobals) = postSolution
		SolutionGuid = {3DD43813-556F-444F-8A14-F8F58A4EAC68}
	EndGlobalSection
EndGlobal
